
Microsoft Visual Studio Solution File, Format Version 12.00
# Visual Studio Version 17
VisualStudioVersion = 17.8.34525.116
MinimumVisualStudioVersion = 10.0.40219.1
Project("{9A19103F-16F7-4668-BE54-9A1E7A4F7556}") = "WeapID", "WeapID.csproj", "{94A8F89B-B378-4E1E-963D-3C53A7979E2D}"
EndProject
Project("{9A19103F-16F7-4668-BE54-9A1E7A4F7556}") = "WeapID.Test", "..\WeapID.Test\WeapID.Test.csproj", "{AD6BD941-C7D4-4F0F-8BDE-5A6A01B863DE}"
EndProject
Global
	GlobalSection(SolutionConfigurationPlatforms) = preSolution
		BuildLib|Any CPU = BuildLib|Any CPU
		Debug|Any CPU = Debug|Any CPU
		Release|Any CPU = Release|Any CPU
	EndGlobalSection
	GlobalSection(ProjectConfigurationPlatforms) = postSolution
		{94A8F89B-B378-4E1E-963D-3C53A7979E2D}.BuildLib|Any CPU.ActiveCfg = BuildLib|Any CPU
		{94A8F89B-B378-4E1E-963D-3C53A7979E2D}.BuildLib|Any CPU.Build.0 = BuildLib|Any CPU
		{94A8F89B-B378-4E1E-963D-3C53A7979E2D}.Debug|Any CPU.ActiveCfg = Debug|Any CPU
		{94A8F89B-B378-4E1E-963D-3C53A7979E2D}.Debug|Any CPU.Build.0 = Debug|Any CPU
		{94A8F89B-B378-4E1E-963D-3C53A7979E2D}.Release|Any CPU.ActiveCfg = Release|Any CPU
		{94A8F89B-B378-4E1E-963D-3C53A7979E2D}.Release|Any CPU.Build.0 = Release|Any CPU
		{AD6BD941-C7D4-4F0F-8BDE-5A6A01B863DE}.BuildLib|Any CPU.ActiveCfg = BuildLib|Any CPU
		{AD6BD941-C7D4-4F0F-8BDE-5A6A01B863DE}.BuildLib|Any CPU.Build.0 = BuildLib|Any CPU
		{AD6BD941-C7D4-4F0F-8BDE-5A6A01B863DE}.Debug|Any CPU.ActiveCfg = Debug|Any CPU
		{AD6BD941-C7D4-4F0F-8BDE-5A6A01B863DE}.Debug|Any CPU.Build.0 = Debug|Any CPU
		{AD6BD941-C7D4-4F0F-8BDE-5A6A01B863DE}.Release|Any CPU.ActiveCfg = Release|Any CPU
		{AD6BD941-C7D4-4F0F-8BDE-5A6A01B863DE}.Release|Any CPU.Build.0 = Release|Any CPU
	EndGlobalSection
	GlobalSection(SolutionProperties) = preSolution
		HideSolutionNode = FALSE
	EndGlobalSection
	GlobalSection(ExtensibilityGlobals) = postSolution
		SolutionGuid = {4D29757E-1472-430C-94EC-6B4BF5F695B9}
	EndGlobalSection
EndGlobal
